
Microsoft Visual Studio Solution File, Format Version 12.00
# Visual Studio 2017
Project("{FAE04EC0-301F-11D3-BF4B-00C04F79EFBC}") = "VR Starter Project", "VR Starter Project.csproj", "{B551ED37-AEED-D688-0A62-1AED965781F4}"
EndProject
Project("{FAE04EC0-301F-11D3-BF4B-00C04F79EFBC}") = "VR Starter Project.Editor", "VR Starter Project.Editor.csproj", "{D3CBBFF6-496F-D3FC-BCBA-4A0EA889D931}"
EndProject
Global
	GlobalSection(SolutionConfigurationPlatforms) = preSolution
		Debug|Any CPU = Debug|Any CPU
		Release|Any CPU = Release|Any CPU
	EndGlobalSection
	GlobalSection(ProjectConfigurationPlatforms) = postSolution
		{B551ED37-AEED-D688-0A62-1AED965781F4}.Debug|Any CPU.ActiveCfg = Debug|Any CPU
		{B551ED37-AEED-D688-0A62-1AED965781F4}.Debug|Any CPU.Build.0 = Debug|Any CPU
		{B551ED37-AEED-D688-0A62-1AED965781F4}.Release|Any CPU.ActiveCfg = Release|Any CPU
		{B551ED37-AEED-D688-0A62-1AED965781F4}.Release|Any CPU.Build.0 = Release|Any CPU
		{D3CBBFF6-496F-D3FC-BCBA-4A0EA889D931}.Debug|Any CPU.ActiveCfg = Debug|Any CPU
		{D3CBBFF6-496F-D3FC-BCBA-4A0EA889D931}.Debug|Any CPU.Build.0 = Debug|Any CPU
		{D3CBBFF6-496F-D3FC-BCBA-4A0EA889D931}.Release|Any CPU.ActiveCfg = Release|Any CPU
		{D3CBBFF6-496F-D3FC-BCBA-4A0EA889D931}.Release|Any CPU.Build.0 = Release|Any CPU
	EndGlobalSection
	GlobalSection(SolutionProperties) = preSolution
		HideSolutionNode = FALSE
	EndGlobalSection
EndGlobal
